{
  "name": "DMAppCompLib",
  "version": "0.0.1",
  "lockfileVersion": 1,
  "requires": true,
  "dependencies": {
    "reconnectingwebsocket": {
      "version": "1.0.0",
      "resolved": "https://registry.npmjs.org/reconnectingwebsocket/-/reconnectingwebsocket-1.0.0.tgz",
      "integrity": "sha1-C4Jbq7N7ZwRFxlqn0+2XgwAgVEQ="
    }
  }
}
